// !$*UTF8*$!
{
	archiveVersion = 1;
	classes = {
	};
	objectVersion = 56;
	objects = {

/* Begin PBXBuildFile section */
		A023FC2D2CD5F6E00073B469 /* MyInsectViewmodel.swift in Sources */ = {isa = PBXBuildFile; fileRef = A023FC2C2CD5F6E00073B469 /* MyInsectViewmodel.swift */; };
		A023FC302CD5F78C0073B469 /* UserDefaultsService.swift in Sources */ = {isa = PBXBuildFile; fileRef = A023FC2F2CD5F78C0073B469 /* UserDefaultsService.swift */; };
		A023FC322CD5F87A0073B469 /* Insect.swift in Sources */ = {isa = PBXBuildFile; fileRef = A023FC312CD5F87A0073B469 /* Insect.swift */; };
		A023FC352CD5FEE70073B469 /* NewAddInsectView.swift in Sources */ = {isa = PBXBuildFile; fileRef = A023FC342CD5FEE70073B469 /* NewAddInsectView.swift */; };
		A023FC372CD601E30073B469 /* InsecDetailsView.swift in Sources */ = {isa = PBXBuildFile; fileRef = A023FC362CD601E30073B469 /* InsecDetailsView.swift */; };
		A023FC3A2CD60D6D0073B469 /* NewAddInsectViewModel.swift in Sources */ = {isa = PBXBuildFile; fileRef = A023FC392CD60D6D0073B469 /* NewAddInsectViewModel.swift */; };
		A023FC3C2CD60E160073B469 /* ImagePickerView.swift in Sources */ = {isa = PBXBuildFile; fileRef = A023FC3B2CD60E160073B469 /* ImagePickerView.swift */; };
		A04A60CF2CAC323A00DB70CF /* MyInsectView.swift in Sources */ = {isa = PBXBuildFile; fileRef = A04A60CE2CAC323A00DB70CF /* MyInsectView.swift */; };
		A04A60D22CAD85D800DB70CF /* CalendarView.swift in Sources */ = {isa = PBXBuildFile; fileRef = A04A60D12CAD85D800DB70CF /* CalendarView.swift */; };
		A04A60D52CAD86AF00DB70CF /* NoticeView.swift in Sources */ = {isa = PBXBuildFile; fileRef = A04A60D42CAD86AF00DB70CF /* NoticeView.swift */; };
		A04A60D82CAD86FD00DB70CF /* InfoView.swift in Sources */ = {isa = PBXBuildFile; fileRef = A04A60D72CAD86FD00DB70CF /* InfoView.swift */; };
		A079F9E72CBE8C6F002D315D /* SignUpView.swift in Sources */ = {isa = PBXBuildFile; fileRef = A079F9E62CBE8C6F002D315D /* SignUpView.swift */; };
		A09786CD2C9FEB0A00B972F3 /* KonchuuLifeApp.swift in Sources */ = {isa = PBXBuildFile; fileRef = A09786CC2C9FEB0A00B972F3 /* KonchuuLifeApp.swift */; };
		A09786CF2C9FEB0A00B972F3 /* ContentView.swift in Sources */ = {isa = PBXBuildFile; fileRef = A09786CE2C9FEB0A00B972F3 /* ContentView.swift */; };
		A09786D12C9FEB1000B972F3 /* Assets.xcassets in Resources */ = {isa = PBXBuildFile; fileRef = A09786D02C9FEB1000B972F3 /* Assets.xcassets */; };
		A09786D42C9FEB1000B972F3 /* Preview Assets.xcassets in Resources */ = {isa = PBXBuildFile; fileRef = A09786D32C9FEB1000B972F3 /* Preview Assets.xcassets */; };
		A09786DC2C9FEB7D00B972F3 /* IntroductionView.swift in Sources */ = {isa = PBXBuildFile; fileRef = A09786DB2C9FEB7D00B972F3 /* IntroductionView.swift */; };
		A09786DE2C9FF12100B972F3 /* MainTabView.swift in Sources */ = {isa = PBXBuildFile; fileRef = A09786DD2C9FF12100B972F3 /* MainTabView.swift */; };
		A09786E12C9FFA4800B972F3 /* TermsOfUseView.swift in Sources */ = {isa = PBXBuildFile; fileRef = A09786E02C9FFA4800B972F3 /* TermsOfUseView.swift */; };
		A0F22A072CBFCA46004A3537 /* GoogleService-Info.plist in Resources */ = {isa = PBXBuildFile; fileRef = A0F22A062CBFCA46004A3537 /* GoogleService-Info.plist */; };
		A0F22A0C2CBFD4C7004A3537 /* SignUpViewModel.swift in Sources */ = {isa = PBXBuildFile; fileRef = A0F22A0B2CBFD4C7004A3537 /* SignUpViewModel.swift */; };
		C778B1A39CA100D5F2064EB1 /* Pods_KonchuuLife.framework in Frameworks */ = {isa = PBXBuildFile; fileRef = AF42F3F6AD615F510851DA45 /* Pods_KonchuuLife.framework */; };
/* End PBXBuildFile section */

/* Begin PBXFileReference section */
		7AAD9A0E09E309625D2ED53F /* Pods-KonchuuLife.release.xcconfig */ = {isa = PBXFileReference; includeInIndex = 1; lastKnownFileType = text.xcconfig; name = "Pods-KonchuuLife.release.xcconfig"; path = "Target Support Files/Pods-KonchuuLife/Pods-KonchuuLife.release.xcconfig"; sourceTree = "<group>"; };
		A023FC2C2CD5F6E00073B469 /* MyInsectViewmodel.swift */ = {isa = PBXFileReference; lastKnownFileType = sourcecode.swift; path = MyInsectViewmodel.swift; sourceTree = "<group>"; };
		A023FC2F2CD5F78C0073B469 /* UserDefaultsService.swift */ = {isa = PBXFileReference; lastKnownFileType = sourcecode.swift; path = UserDefaultsService.swift; sourceTree = "<group>"; };
		A023FC312CD5F87A0073B469 /* Insect.swift */ = {isa = PBXFileReference; lastKnownFileType = sourcecode.swift; path = Insect.swift; sourceTree = "<group>"; };
		A023FC342CD5FEE70073B469 /* NewAddInsectView.swift */ = {isa = PBXFileReference; lastKnownFileType = sourcecode.swift; path = NewAddInsectView.swift; sourceTree = "<group>"; };
		A023FC362CD601E30073B469 /* InsecDetailsView.swift */ = {isa = PBXFileReference; lastKnownFileType = sourcecode.swift; path = InsecDetailsView.swift; sourceTree = "<group>"; };
		A023FC392CD60D6D0073B469 /* NewAddInsectViewModel.swift */ = {isa = PBXFileReference; lastKnownFileType = sourcecode.swift; path = NewAddInsectViewModel.swift; sourceTree = "<group>"; };
		A023FC3B2CD60E160073B469 /* ImagePickerView.swift */ = {isa = PBXFileReference; lastKnownFileType = sourcecode.swift; path = ImagePickerView.swift; sourceTree = "<group>"; };
		A04A60CE2CAC323A00DB70CF /* MyInsectView.swift */ = {isa = PBXFileReference; lastKnownFileType = sourcecode.swift; path = MyInsectView.swift; sourceTree = "<group>"; };
		A04A60D12CAD85D800DB70CF /* CalendarView.swift */ = {isa = PBXFileReference; lastKnownFileType = sourcecode.swift; path = CalendarView.swift; sourceTree = "<group>"; };
		A04A60D42CAD86AF00DB70CF /* NoticeView.swift */ = {isa = PBXFileReference; lastKnownFileType = sourcecode.swift; path = NoticeView.swift; sourceTree = "<group>"; };
		A04A60D72CAD86FD00DB70CF /* InfoView.swift */ = {isa = PBXFileReference; lastKnownFileType = sourcecode.swift; path = InfoView.swift; sourceTree = "<group>"; };
		A079F9E62CBE8C6F002D315D /* SignUpView.swift */ = {isa = PBXFileReference; lastKnownFileType = sourcecode.swift; path = SignUpView.swift; sourceTree = "<group>"; };
		A09786C92C9FEB0A00B972F3 /* KonchuuLife.app */ = {isa = PBXFileReference; explicitFileType = wrapper.application; includeInIndex = 0; path = KonchuuLife.app; sourceTree = BUILT_PRODUCTS_DIR; };
		A09786CC2C9FEB0A00B972F3 /* KonchuuLifeApp.swift */ = {isa = PBXFileReference; lastKnownFileType = sourcecode.swift; path = KonchuuLifeApp.swift; sourceTree = "<group>"; };
		A09786CE2C9FEB0A00B972F3 /* ContentView.swift */ = {isa = PBXFileReference; lastKnownFileType = sourcecode.swift; path = ContentView.swift; sourceTree = "<group>"; };
		A09786D02C9FEB1000B972F3 /* Assets.xcassets */ = {isa = PBXFileReference; lastKnownFileType = folder.assetcatalog; path = Assets.xcassets; sourceTree = "<group>"; };
		A09786D32C9FEB1000B972F3 /* Preview Assets.xcassets */ = {isa = PBXFileReference; lastKnownFileType = folder.assetcatalog; path = "Preview Assets.xcassets"; sourceTree = "<group>"; };
		A09786DB2C9FEB7D00B972F3 /* IntroductionView.swift */ = {isa = PBXFileReference; lastKnownFileType = sourcecode.swift; path = IntroductionView.swift; sourceTree = "<group>"; };
		A09786DD2C9FF12100B972F3 /* MainTabView.swift */ = {isa = PBXFileReference; lastKnownFileType = sourcecode.swift; path = MainTabView.swift; sourceTree = "<group>"; };
		A09786E02C9FFA4800B972F3 /* TermsOfUseView.swift */ = {isa = PBXFileReference; lastKnownFileType = sourcecode.swift; path = TermsOfUseView.swift; sourceTree = "<group>"; };
		A0F22A062CBFCA46004A3537 /* GoogleService-Info.plist */ = {isa = PBXFileReference; lastKnownFileType = text.plist.xml; path = "GoogleService-Info.plist"; sourceTree = "<group>"; };
		A0F22A0B2CBFD4C7004A3537 /* SignUpViewModel.swift */ = {isa = PBXFileReference; lastKnownFileType = sourcecode.swift; path = SignUpViewModel.swift; sourceTree = "<group>"; };
		A133E3EC74466B920D6410C6 /* Pods-KonchuuLife.debug.xcconfig */ = {isa = PBXFileReference; includeInIndex = 1; lastKnownFileType = text.xcconfig; name = "Pods-KonchuuLife.debug.xcconfig"; path = "Target Support Files/Pods-KonchuuLife/Pods-KonchuuLife.debug.xcconfig"; sourceTree = "<group>"; };
		AF42F3F6AD615F510851DA45 /* Pods_KonchuuLife.framework */ = {isa = PBXFileReference; explicitFileType = wrapper.framework; includeInIndex = 0; path = Pods_KonchuuLife.framework; sourceTree = BUILT_PRODUCTS_DIR; };
/* End PBXFileReference section */

/* Begin PBXFrameworksBuildPhase section */
		A09786C62C9FEB0A00B972F3 /* Frameworks */ = {
			isa = PBXFrameworksBuildPhase;
			buildActionMask = 2147483647;
			files = (
				C778B1A39CA100D5F2064EB1 /* Pods_KonchuuLife.framework in Frameworks */,
			);
			runOnlyForDeploymentPostprocessing = 0;
		};
/* End PBXFrameworksBuildPhase section */

/* Begin PBXGroup section */
		67567235B84933F051473331 /* Frameworks */ = {
			isa = PBXGroup;
			children = (
				AF42F3F6AD615F510851DA45 /* Pods_KonchuuLife.framework */,
			);
			name = Frameworks;
			sourceTree = "<group>";
		};
		A023FC2E2CD5F76D0073B469 /* Data */ = {
			isa = PBXGroup;
			children = (
				A023FC2F2CD5F78C0073B469 /* UserDefaultsService.swift */,
				A023FC312CD5F87A0073B469 /* Insect.swift */,
			);
			path = Data;
			sourceTree = "<group>";
		};
		A023FC382CD60D3F0073B469 /* ViewModel */ = {
			isa = PBXGroup;
			children = (
				A023FC2C2CD5F6E00073B469 /* MyInsectViewmodel.swift */,
				A023FC392CD60D6D0073B469 /* NewAddInsectViewModel.swift */,
			);
			path = ViewModel;
			sourceTree = "<group>";
		};
		A04A60CD2CAC320C00DB70CF /* Insect */ = {
			isa = PBXGroup;
			children = (
				A023FC382CD60D3F0073B469 /* ViewModel */,
				A04A60CE2CAC323A00DB70CF /* MyInsectView.swift */,
				A023FC342CD5FEE70073B469 /* NewAddInsectView.swift */,
				A023FC362CD601E30073B469 /* InsecDetailsView.swift */,
				A023FC3B2CD60E160073B469 /* ImagePickerView.swift */,
			);
			path = Insect;
			sourceTree = "<group>";
		};
		A04A60D02CAD85B100DB70CF /* Calendar */ = {
			isa = PBXGroup;
			children = (
				A04A60D12CAD85D800DB70CF /* CalendarView.swift */,
			);
			path = Calendar;
			sourceTree = "<group>";
		};
		A04A60D32CAD869700DB70CF /* Notice */ = {
			isa = PBXGroup;
			children = (
				A04A60D42CAD86AF00DB70CF /* NoticeView.swift */,
			);
			path = Notice;
			sourceTree = "<group>";
		};
		A04A60D62CAD86E900DB70CF /* Info */ = {
			isa = PBXGroup;
			children = (
				A04A60D72CAD86FD00DB70CF /* InfoView.swift */,
			);
			path = Info;
			sourceTree = "<group>";
		};
		A09786C02C9FEB0A00B972F3 = {
			isa = PBXGroup;
			children = (
				A0F22A062CBFCA46004A3537 /* GoogleService-Info.plist */,
				A09786CB2C9FEB0A00B972F3 /* KonchuuLife */,
				A09786CA2C9FEB0A00B972F3 /* Products */,
				F643DA0CEBBAC293243FD0A6 /* Pods */,
				67567235B84933F051473331 /* Frameworks */,
			);
			sourceTree = "<group>";
		};
		A09786CA2C9FEB0A00B972F3 /* Products */ = {
			isa = PBXGroup;
			children = (
				A09786C92C9FEB0A00B972F3 /* KonchuuLife.app */,
			);
			name = Products;
			sourceTree = "<group>";
		};
		A09786CB2C9FEB0A00B972F3 /* KonchuuLife */ = {
			isa = PBXGroup;
			children = (
				A023FC2E2CD5F76D0073B469 /* Data */,
				A04A60D62CAD86E900DB70CF /* Info */,
				A04A60D32CAD869700DB70CF /* Notice */,
				A04A60D02CAD85B100DB70CF /* Calendar */,
				A04A60CD2CAC320C00DB70CF /* Insect */,
				A09786DA2C9FEB4C00B972F3 /* Intoroduction */,
				A09786CC2C9FEB0A00B972F3 /* KonchuuLifeApp.swift */,
				A09786CE2C9FEB0A00B972F3 /* ContentView.swift */,
				A09786D02C9FEB1000B972F3 /* Assets.xcassets */,
				A09786D22C9FEB1000B972F3 /* Preview Content */,
			);
			path = KonchuuLife;
			sourceTree = "<group>";
		};
		A09786D22C9FEB1000B972F3 /* Preview Content */ = {
			isa = PBXGroup;
			children = (
				A09786D32C9FEB1000B972F3 /* Preview Assets.xcassets */,
			);
			path = "Preview Content";
			sourceTree = "<group>";
		};
		A09786DA2C9FEB4C00B972F3 /* Intoroduction */ = {
			isa = PBXGroup;
			children = (
				A09786DB2C9FEB7D00B972F3 /* IntroductionView.swift */,
				A09786DD2C9FF12100B972F3 /* MainTabView.swift */,
				A09786E02C9FFA4800B972F3 /* TermsOfUseView.swift */,
				A0F22A0A2CBFD48E004A3537 /* SignUp */,
			);
			path = Intoroduction;
			sourceTree = "<group>";
		};
		A0F22A0A2CBFD48E004A3537 /* SignUp */ = {
			isa = PBXGroup;
			children = (
				A079F9E62CBE8C6F002D315D /* SignUpView.swift */,
				A0F22A0B2CBFD4C7004A3537 /* SignUpViewModel.swift */,
			);
			path = SignUp;
			sourceTree = "<group>";
		};
		F643DA0CEBBAC293243FD0A6 /* Pods */ = {
			isa = PBXGroup;
			children = (
				A133E3EC74466B920D6410C6 /* Pods-KonchuuLife.debug.xcconfig */,
				7AAD9A0E09E309625D2ED53F /* Pods-KonchuuLife.release.xcconfig */,
			);
			path = Pods;
			sourceTree = "<group>";
		};
/* End PBXGroup section */

/* Begin PBXNativeTarget section */
		A09786C82C9FEB0A00B972F3 /* KonchuuLife */ = {
			isa = PBXNativeTarget;
			buildConfigurationList = A09786D72C9FEB1000B972F3 /* Build configuration list for PBXNativeTarget "KonchuuLife" */;
			buildPhases = (
				EC15EFF3C75C6CDF58ABE381 /* [CP] Check Pods Manifest.lock */,
				A09786C52C9FEB0A00B972F3 /* Sources */,
				A09786C62C9FEB0A00B972F3 /* Frameworks */,
				A09786C72C9FEB0A00B972F3 /* Resources */,
				5131C4B6E3CCF870A6824D96 /* [CP] Embed Pods Frameworks */,
			);
			buildRules = (
			);
			dependencies = (
			);
			name = KonchuuLife;
			productName = KonchuuLife;
			productReference = A09786C92C9FEB0A00B972F3 /* KonchuuLife.app */;
			productType = "com.apple.product-type.application";
		};
/* End PBXNativeTarget section */

/* Begin PBXProject section */
		A09786C12C9FEB0A00B972F3 /* Project object */ = {
			isa = PBXProject;
			attributes = {
				BuildIndependentTargetsInParallel = 1;
				LastSwiftUpdateCheck = 1540;
				LastUpgradeCheck = 1540;
				TargetAttributes = {
					A09786C82C9FEB0A00B972F3 = {
						CreatedOnToolsVersion = 15.4;
					};
				};
			};
			buildConfigurationList = A09786C42C9FEB0A00B972F3 /* Build configuration list for PBXProject "KonchuuLife" */;
			compatibilityVersion = "Xcode 14.0";
			developmentRegion = en;
			hasScannedForEncodings = 0;
			knownRegions = (
				en,
				Base,
			);
			mainGroup = A09786C02C9FEB0A00B972F3;
			productRefGroup = A09786CA2C9FEB0A00B972F3 /* Products */;
			projectDirPath = "";
			projectRoot = "";
			targets = (
				A09786C82C9FEB0A00B972F3 /* KonchuuLife */,
			);
		};
/* End PBXProject section */

/* Begin PBXResourcesBuildPhase section */
		A09786C72C9FEB0A00B972F3 /* Resources */ = {
			isa = PBXResourcesBuildPhase;
			buildActionMask = 2147483647;
			files = (
				A09786D42C9FEB1000B972F3 /* Preview Assets.xcassets in Resources */,
				A09786D12C9FEB1000B972F3 /* Assets.xcassets in Resources */,
				A0F22A072CBFCA46004A3537 /* GoogleService-Info.plist in Resources */,
			);
			runOnlyForDeploymentPostprocessing = 0;
		};
/* End PBXResourcesBuildPhase section */

/* Begin PBXShellScriptBuildPhase section */
		5131C4B6E3CCF870A6824D96 /* [CP] Embed Pods Frameworks */ = {
			isa = PBXShellScriptBuildPhase;
			buildActionMask = 2147483647;
			files = (
			);
			inputFileListPaths = (
				"${PODS_ROOT}/Target Support Files/Pods-KonchuuLife/Pods-KonchuuLife-frameworks-${CONFIGURATION}-input-files.xcfilelist",
			);
			name = "[CP] Embed Pods Frameworks";
			outputFileListPaths = (
				"${PODS_ROOT}/Target Support Files/Pods-KonchuuLife/Pods-KonchuuLife-frameworks-${CONFIGURATION}-output-files.xcfilelist",
			);
			runOnlyForDeploymentPostprocessing = 0;
			shellPath = /bin/sh;
			shellScript = "\"${PODS_ROOT}/Target Support Files/Pods-KonchuuLife/Pods-KonchuuLife-frameworks.sh\"\n";
			showEnvVarsInLog = 0;
		};
		EC15EFF3C75C6CDF58ABE381 /* [CP] Check Pods Manifest.lock */ = {
			isa = PBXShellScriptBuildPhase;
			buildActionMask = 2147483647;
			files = (
			);
			inputFileListPaths = (
			);
			inputPaths = (
				"${PODS_PODFILE_DIR_PATH}/Podfile.lock",
				"${PODS_ROOT}/Manifest.lock",
			);
			name = "[CP] Check Pods Manifest.lock";
			outputFileListPaths = (
			);
			outputPaths = (
				"$(DERIVED_FILE_DIR)/Pods-KonchuuLife-checkManifestLockResult.txt",
			);
			runOnlyForDeploymentPostprocessing = 0;
			shellPath = /bin/sh;
			shellScript = "diff \"${PODS_PODFILE_DIR_PATH}/Podfile.lock\" \"${PODS_ROOT}/Manifest.lock\" > /dev/null\nif [ $? != 0 ] ; then\n    # print error to STDERR\n    echo \"error: The sandbox is not in sync with the Podfile.lock. Run 'pod install' or update your CocoaPods installation.\" >&2\n    exit 1\nfi\n# This output is used by Xcode 'outputs' to avoid re-running this script phase.\necho \"SUCCESS\" > \"${SCRIPT_OUTPUT_FILE_0}\"\n";
			showEnvVarsInLog = 0;
		};
/* End PBXShellScriptBuildPhase section */

/* Begin PBXSourcesBuildPhase section */
		A09786C52C9FEB0A00B972F3 /* Sources */ = {
			isa = PBXSourcesBuildPhase;
			buildActionMask = 2147483647;
			files = (
				A04A60D52CAD86AF00DB70CF /* NoticeView.swift in Sources */,
				A04A60CF2CAC323A00DB70CF /* MyInsectView.swift in Sources */,
				A023FC2D2CD5F6E00073B469 /* MyInsectViewmodel.swift in Sources */,
				A04A60D22CAD85D800DB70CF /* CalendarView.swift in Sources */,
				A023FC3C2CD60E160073B469 /* ImagePickerView.swift in Sources */,
				A023FC372CD601E30073B469 /* InsecDetailsView.swift in Sources */,
				A09786E12C9FFA4800B972F3 /* TermsOfUseView.swift in Sources */,
				A09786DC2C9FEB7D00B972F3 /* IntroductionView.swift in Sources */,
				A09786CF2C9FEB0A00B972F3 /* ContentView.swift in Sources */,
				A09786CD2C9FEB0A00B972F3 /* KonchuuLifeApp.swift in Sources */,
				A023FC352CD5FEE70073B469 /* NewAddInsectView.swift in Sources */,
				A04A60D82CAD86FD00DB70CF /* InfoView.swift in Sources */,
				A079F9E72CBE8C6F002D315D /* SignUpView.swift in Sources */,
				A0F22A0C2CBFD4C7004A3537 /* SignUpViewModel.swift in Sources */,
				A023FC322CD5F87A0073B469 /* Insect.swift in Sources */,
				A09786DE2C9FF12100B972F3 /* MainTabView.swift in Sources */,
				A023FC302CD5F78C0073B469 /* UserDefaultsService.swift in Sources */,
				A023FC3A2CD60D6D0073B469 /* NewAddInsectViewModel.swift in Sources */,
			);
			runOnlyForDeploymentPostprocessing = 0;
		};
/* End PBXSourcesBuildPhase section */

/* Begin XCBuildConfiguration section */
		A09786D52C9FEB1000B972F3 /* Debug */ = {
			isa = XCBuildConfiguration;
			buildSettings = {
				ALWAYS_SEARCH_USER_PATHS = NO;
				ASSETCATALOG_COMPILER_GENERATE_SWIFT_ASSET_SYMBOL_EXTENSIONS = YES;
				CLANG_ANALYZER_NONNULL = YES;
				CLANG_ANALYZER_NUMBER_OBJECT_CONVERSION = YES_AGGRESSIVE;
				CLANG_CXX_LANGUAGE_STANDARD = "gnu++20";
				CLANG_ENABLE_MODULES = YES;
				CLANG_ENABLE_OBJC_ARC = YES;
				CLANG_ENABLE_OBJC_WEAK = YES;
				CLANG_WARN_BLOCK_CAPTURE_AUTORELEASING = YES;
				CLANG_WARN_BOOL_CONVERSION = YES;
				CLANG_WARN_COMMA = YES;
				CLANG_WARN_CONSTANT_CONVERSION = YES;
				CLANG_WARN_DEPRECATED_OBJC_IMPLEMENTATIONS = YES;
				CLANG_WARN_DIRECT_OBJC_ISA_USAGE = YES_ERROR;
				CLANG_WARN_DOCUMENTATION_COMMENTS = YES;
				CLANG_WARN_EMPTY_BODY = YES;
				CLANG_WARN_ENUM_CONVERSION = YES;
				CLANG_WARN_INFINITE_RECURSION = YES;
				CLANG_WARN_INT_CONVERSION = YES;
				CLANG_WARN_NON_LITERAL_NULL_CONVERSION = YES;
				CLANG_WARN_OBJC_IMPLICIT_RETAIN_SELF = YES;
				CLANG_WARN_OBJC_LITERAL_CONVERSION = YES;
				CLANG_WARN_OBJC_ROOT_CLASS = YES_ERROR;
				CLANG_WARN_QUOTED_INCLUDE_IN_FRAMEWORK_HEADER = YES;
				CLANG_WARN_RANGE_LOOP_ANALYSIS = YES;
				CLANG_WARN_STRICT_PROTOTYPES = YES;
				CLANG_WARN_SUSPICIOUS_MOVE = YES;
				CLANG_WARN_UNGUARDED_AVAILABILITY = YES_AGGRESSIVE;
				CLANG_WARN_UNREACHABLE_CODE = YES;
				CLANG_WARN__DUPLICATE_METHOD_MATCH = YES;
				COPY_PHASE_STRIP = NO;
				DEBUG_INFORMATION_FORMAT = dwarf;
				ENABLE_STRICT_OBJC_MSGSEND = YES;
				ENABLE_TESTABILITY = YES;
				ENABLE_USER_SCRIPT_SANDBOXING = YES;
				GCC_C_LANGUAGE_STANDARD = gnu17;
				GCC_DYNAMIC_NO_PIC = NO;
				GCC_NO_COMMON_BLOCKS = YES;
				GCC_OPTIMIZATION_LEVEL = 0;
				GCC_PREPROCESSOR_DEFINITIONS = (
					"DEBUG=1",
					"$(inherited)",
				);
				GCC_WARN_64_TO_32_BIT_CONVERSION = YES;
				GCC_WARN_ABOUT_RETURN_TYPE = YES_ERROR;
				GCC_WARN_UNDECLARED_SELECTOR = YES;
				GCC_WARN_UNINITIALIZED_AUTOS = YES_AGGRESSIVE;
				GCC_WARN_UNUSED_FUNCTION = YES;
				GCC_WARN_UNUSED_VARIABLE = YES;
				IPHONEOS_DEPLOYMENT_TARGET = 17.5;
				LOCALIZATION_PREFERS_STRING_CATALOGS = YES;
				MTL_ENABLE_DEBUG_INFO = INCLUDE_SOURCE;
				MTL_FAST_MATH = YES;
				ONLY_ACTIVE_ARCH = YES;
				SDKROOT = iphoneos;
				SWIFT_ACTIVE_COMPILATION_CONDITIONS = "DEBUG $(inherited)";
				SWIFT_OPTIMIZATION_LEVEL = "-Onone";
			};
			name = Debug;
		};
		A09786D62C9FEB1000B972F3 /* Release */ = {
			isa = XCBuildConfiguration;
			buildSettings = {
				ALWAYS_SEARCH_USER_PATHS = NO;
				ASSETCATALOG_COMPILER_GENERATE_SWIFT_ASSET_SYMBOL_EXTENSIONS = YES;
				CLANG_ANALYZER_NONNULL = YES;
				CLANG_ANALYZER_NUMBER_OBJECT_CONVERSION = YES_AGGRESSIVE;
				CLANG_CXX_LANGUAGE_STANDARD = "gnu++20";
				CLANG_ENABLE_MODULES = YES;
				CLANG_ENABLE_OBJC_ARC = YES;
				CLANG_ENABLE_OBJC_WEAK = YES;
				CLANG_WARN_BLOCK_CAPTURE_AUTORELEASING = YES;
				CLANG_WARN_BOOL_CONVERSION = YES;
				CLANG_WARN_COMMA = YES;
				CLANG_WARN_CONSTANT_CONVERSION = YES;
				CLANG_WARN_DEPRECATED_OBJC_IMPLEMENTATIONS = YES;
				CLANG_WARN_DIRECT_OBJC_ISA_USAGE = YES_ERROR;
				CLANG_WARN_DOCUMENTATION_COMMENTS = YES;
				CLANG_WARN_EMPTY_BODY = YES;
				CLANG_WARN_ENUM_CONVERSION = YES;
				CLANG_WARN_INFINITE_RECURSION = YES;
				CLANG_WARN_INT_CONVERSION = YES;
				CLANG_WARN_NON_LITERAL_NULL_CONVERSION = YES;
				CLANG_WARN_OBJC_IMPLICIT_RETAIN_SELF = YES;
				CLANG_WARN_OBJC_LITERAL_CONVERSION = YES;
				CLANG_WARN_OBJC_ROOT_CLASS = YES_ERROR;
				CLANG_WARN_QUOTED_INCLUDE_IN_FRAMEWORK_HEADER = YES;
				CLANG_WARN_RANGE_LOOP_ANALYSIS = YES;
				CLANG_WARN_STRICT_PROTOTYPES = YES;
				CLANG_WARN_SUSPICIOUS_MOVE = YES;
				CLANG_WARN_UNGUARDED_AVAILABILITY = YES_AGGRESSIVE;
				CLANG_WARN_UNREACHABLE_CODE = YES;
				CLANG_WARN__DUPLICATE_METHOD_MATCH = YES;
				COPY_PHASE_STRIP = NO;
				DEBUG_INFORMATION_FORMAT = "dwarf-with-dsym";
				ENABLE_NS_ASSERTIONS = NO;
				ENABLE_STRICT_OBJC_MSGSEND = YES;
				ENABLE_USER_SCRIPT_SANDBOXING = YES;
				GCC_C_LANGUAGE_STANDARD = gnu17;
				GCC_NO_COMMON_BLOCKS = YES;
				GCC_WARN_64_TO_32_BIT_CONVERSION = YES;
				GCC_WARN_ABOUT_RETURN_TYPE = YES_ERROR;
				GCC_WARN_UNDECLARED_SELECTOR = YES;
				GCC_WARN_UNINITIALIZED_AUTOS = YES_AGGRESSIVE;
				GCC_WARN_UNUSED_FUNCTION = YES;
				GCC_WARN_UNUSED_VARIABLE = YES;
				IPHONEOS_DEPLOYMENT_TARGET = 17.5;
				LOCALIZATION_PREFERS_STRING_CATALOGS = YES;
				MTL_ENABLE_DEBUG_INFO = NO;
				MTL_FAST_MATH = YES;
				SDKROOT = iphoneos;
				SWIFT_COMPILATION_MODE = wholemodule;
				VALIDATE_PRODUCT = YES;
			};
			name = Release;
		};
		A09786D82C9FEB1000B972F3 /* Debug */ = {
			isa = XCBuildConfiguration;
			baseConfigurationReference = A133E3EC74466B920D6410C6 /* Pods-KonchuuLife.debug.xcconfig */;
			buildSettings = {
				ASSETCATALOG_COMPILER_APPICON_NAME = AppIcon;
				ASSETCATALOG_COMPILER_GLOBAL_ACCENT_COLOR_NAME = AccentColor;
				CODE_SIGN_STYLE = Automatic;
				CURRENT_PROJECT_VERSION = 1;
				DEVELOPMENT_ASSET_PATHS = "\"KonchuuLife/Preview Content\"";
				DEVELOPMENT_TEAM = XCAHYBH783;
				ENABLE_PREVIEWS = YES;
				ENABLE_USER_SCRIPT_SANDBOXING = NO;
				GENERATE_INFOPLIST_FILE = YES;
				INFOPLIST_KEY_UIApplicationSceneManifest_Generation = YES;
				INFOPLIST_KEY_UIApplicationSupportsIndirectInputEvents = YES;
				INFOPLIST_KEY_UILaunchScreen_Generation = YES;
				INFOPLIST_KEY_UISupportedInterfaceOrientations_iPad = "UIInterfaceOrientationPortrait UIInterfaceOrientationPortraitUpsideDown UIInterfaceOrientationLandscapeLeft UIInterfaceOrientationLandscapeRight";
				INFOPLIST_KEY_UISupportedInterfaceOrientations_iPhone = "UIInterfaceOrientationPortrait UIInterfaceOrientationLandscapeLeft UIInterfaceOrientationLandscapeRight";
				IPHONEOS_DEPLOYMENT_TARGET = 17.0;
				LD_RUNPATH_SEARCH_PATHS = (
					"$(inherited)",
					"@executable_path/Frameworks",
				);
				MARKETING_VERSION = 1.0;
				PRODUCT_BUNDLE_IDENTIFIER = Komiya3460.KonchuuLife;
				PRODUCT_NAME = "$(TARGET_NAME)";
				SWIFT_EMIT_LOC_STRINGS = YES;
				SWIFT_VERSION = 5.0;
				TARGETED_DEVICE_FAMILY = "1,2";
			};
			name = Debug;
		};
		A09786D92C9FEB1000B972F3 /* Release */ = {
			isa = XCBuildConfiguration;
			baseConfigurationReference = 7AAD9A0E09E309625D2ED53F /* Pods-KonchuuLife.release.xcconfig */;
			buildSettings = {
				ASSETCATALOG_COMPILER_APPICON_NAME = AppIcon;
				ASSETCATALOG_COMPILER_GLOBAL_ACCENT_COLOR_NAME = AccentColor;
				CODE_SIGN_STYLE = Automatic;
				CURRENT_PROJECT_VERSION = 1;
				DEVELOPMENT_ASSET_PATHS = "\"KonchuuLife/Preview Content\"";
				DEVELOPMENT_TEAM = XCAHYBH783;
				ENABLE_PREVIEWS = YES;
				ENABLE_USER_SCRIPT_SANDBOXING = NO;
				GENERATE_INFOPLIST_FILE = YES;
				INFOPLIST_KEY_UIApplicationSceneManifest_Generation = YES;
				INFOPLIST_KEY_UIApplicationSupportsIndirectInputEvents = YES;
				INFOPLIST_KEY_UILaunchScreen_Generation = YES;
				INFOPLIST_KEY_UISupportedInterfaceOrientations_iPad = "UIInterfaceOrientationPortrait UIInterfaceOrientationPortraitUpsideDown UIInterfaceOrientationLandscapeLeft UIInterfaceOrientationLandscapeRight";
				INFOPLIST_KEY_UISupportedInterfaceOrientations_iPhone = "UIInterfaceOrientationPortrait UIInterfaceOrientationLandscapeLeft UIInterfaceOrientationLandscapeRight";
				IPHONEOS_DEPLOYMENT_TARGET = 17.0;
				LD_RUNPATH_SEARCH_PATHS = (
					"$(inherited)",
					"@executable_path/Frameworks",
				);
				MARKETING_VERSION = 1.0;
				PRODUCT_BUNDLE_IDENTIFIER = Komiya3460.KonchuuLife;
				PRODUCT_NAME = "$(TARGET_NAME)";
				SWIFT_EMIT_LOC_STRINGS = YES;
				SWIFT_VERSION = 5.0;
				TARGETED_DEVICE_FAMILY = "1,2";
			};
			name = Release;
		};
/* End XCBuildConfiguration section */

/* Begin XCConfigurationList section */
		A09786C42C9FEB0A00B972F3 /* Build configuration list for PBXProject "KonchuuLife" */ = {
			isa = XCConfigurationList;
			buildConfigurations = (
				A09786D52C9FEB1000B972F3 /* Debug */,
				A09786D62C9FEB1000B972F3 /* Release */,
			);
			defaultConfigurationIsVisible = 0;
			defaultConfigurationName = Release;
		};
		A09786D72C9FEB1000B972F3 /* Build configuration list for PBXNativeTarget "KonchuuLife" */ = {
			isa = XCConfigurationList;
			buildConfigurations = (
				A09786D82C9FEB1000B972F3 /* Debug */,
				A09786D92C9FEB1000B972F3 /* Release */,
			);
			defaultConfigurationIsVisible = 0;
			defaultConfigurationName = Release;
		};
/* End XCConfigurationList section */
	};
	rootObject = A09786C12C9FEB0A00B972F3 /* Project object */;
}
